
Microsoft Visual Studio Solution File, Format Version 12.00
# Visual Studio 15
VisualStudioVersion = 15.0.28010.2041
MinimumVisualStudioVersion = 10.0.40219.1
Project("{9A19103F-16F7-4668-BE54-9A1E7A4F7556}") = "DeadDog.Merging", "DeadDog.Merging\DeadDog.Merging.csproj", "{C2C55591-5EDC-4A15-B590-F6519F38B566}"
EndProject
Project("{FAE04EC0-301F-11D3-BF4B-00C04F79EFBC}") = "DeadDog.Merging.Tests", "DeadDog.Merging.Tests\DeadDog.Merging.Tests.csproj", "{F8090FB2-6006-4C4F-A00A-26DE10D31902}"
EndProject
Global
	GlobalSection(SolutionConfigurationPlatforms) = preSolution
		Debug|Any CPU = Debug|Any CPU
		Release|Any CPU = Release|Any CPU
	EndGlobalSection
	GlobalSection(ProjectConfigurationPlatforms) = postSolution
		{C2C55591-5EDC-4A15-B590-F6519F38B566}.Debug|Any CPU.ActiveCfg = Debug|Any CPU
		{C2C55591-5EDC-4A15-B590-F6519F38B566}.Debug|Any CPU.Build.0 = Debug|Any CPU
		{C2C55591-5EDC-4A15-B590-F6519F38B566}.Release|Any CPU.ActiveCfg = Release|Any CPU
		{C2C55591-5EDC-4A15-B590-F6519F38B566}.Release|Any CPU.Build.0 = Release|Any CPU
		{F8090FB2-6006-4C4F-A00A-26DE10D31902}.Debug|Any CPU.ActiveCfg = Debug|Any CPU
		{F8090FB2-6006-4C4F-A00A-26DE10D31902}.Debug|Any CPU.Build.0 = Debug|Any CPU
		{F8090FB2-6006-4C4F-A00A-26DE10D31902}.Release|Any CPU.ActiveCfg = Release|Any CPU
		{F8090FB2-6006-4C4F-A00A-26DE10D31902}.Release|Any CPU.Build.0 = Release|Any CPU
	EndGlobalSection
	GlobalSection(SolutionProperties) = preSolution
		HideSolutionNode = FALSE
	EndGlobalSection
	GlobalSection(ExtensibilityGlobals) = postSolution
		SolutionGuid = {C8E299F5-71C5-4731-901A-200B4D4BC1C9}
	EndGlobalSection
EndGlobal
